
Microsoft Visual Studio Solution File, Format Version 12.00
# Visual Studio Version 16
VisualStudioVersion = 16.0.29215.179
MinimumVisualStudioVersion = 10.0.40219.1
Project("{FAE04EC0-301F-11D3-BF4B-00C04F79EFBC}") = "Scsc", "Scsc\Scsc.csproj", "{467669F4-6308-4040-AA04-4EFC1E3C054E}"
EndProject
Global
	GlobalSection(SolutionConfigurationPlatforms) = preSolution
		Debug|Any CPU = Debug|Any CPU
		Release|Any CPU = Release|Any CPU
	EndGlobalSection
	GlobalSection(ProjectConfigurationPlatforms) = postSolution
		{467669F4-6308-4040-AA04-4EFC1E3C054E}.Debug|Any CPU.ActiveCfg = Debug|Any CPU
		{467669F4-6308-4040-AA04-4EFC1E3C054E}.Debug|Any CPU.Build.0 = Debug|Any CPU
		{467669F4-6308-4040-AA04-4EFC1E3C054E}.Release|Any CPU.ActiveCfg = Release|Any CPU
		{467669F4-6308-4040-AA04-4EFC1E3C054E}.Release|Any CPU.Build.0 = Release|Any CPU
	EndGlobalSection
	GlobalSection(SolutionProperties) = preSolution
		HideSolutionNode = FALSE
	EndGlobalSection
	GlobalSection(ExtensibilityGlobals) = postSolution
		SolutionGuid = {648978CB-A4A6-456D-8369-F80BAE429102}
	EndGlobalSection
EndGlobal
